{
	"name": "static",
	"version": "1.0.0",
	"lockfileVersion": 3,
	"requires": true,
	"packages": {
		"": {
			"name": "static",
			"version": "1.0.0",
			"license": "ISC",
			"dependencies": {
				"modulee-engine-wasm": "^0.2.1"
			}
		},
		"node_modules/modulee-engine-wasm": {
			"version": "0.2.2",
			"resolved": "https://registry.npmjs.org/modulee-engine-wasm/-/modulee-engine-wasm-0.2.2.tgz",
			"integrity": "sha512-ks4XeHDCDdllXzrSHC//59od92ujfaQt+e8A9LNYEa7f3bUZdp75yscO+r0GSOwXcGek7FVTyYEcWVRJPAc+KA=="
		}
	}
}
