{
	"name": "static",
	"version": "1.0.0",
	"lockfileVersion": 3,
	"requires": true,
	"packages": {
		"": {
			"name": "static",
			"version": "1.0.0",
			"license": "ISC",
			"dependencies": {
				"modulee-engine-wasm": "^0.2.1"
			}
		},
		"node_modules/modulee-engine-wasm": {
			"version": "0.2.3",
			"resolved": "https://registry.npmjs.org/modulee-engine-wasm/-/modulee-engine-wasm-0.2.3.tgz",
			"integrity": "sha512-cwMrNAMg1wzD6jsbkzexo2M9guReojV06BS0ngwZbSzF2YnDZCNBo6uxjbOLaJYIrpzsWsKv3kOOfcankPadWw=="
		}
	}
}
