{
	"name": "static",
	"version": "1.0.0",
	"lockfileVersion": 3,
	"requires": true,
	"packages": {
		"": {
			"name": "static",
			"version": "1.0.0",
			"license": "ISC",
			"dependencies": {
				"modulee-engine-wasm": "^1.0.0"
			}
		},
		"node_modules/modulee-engine-wasm": {
			"version": "1.0.0",
			"resolved": "https://registry.npmjs.org/modulee-engine-wasm/-/modulee-engine-wasm-1.0.0.tgz",
			"integrity": "sha512-5dDr7sDGEdmd/y3oGI2Kdu6LH4tq/5uFxH8t251nv2v9acBJKc1xHkJR+KWONOxRqXWyMv/conwDST4+9dtAyA=="
		}
	}
}
